
Microsoft Visual Studio Solution File, Format Version 12.00
# Visual Studio Version 17
VisualStudioVersion = 17.11.35327.3
MinimumVisualStudioVersion = 10.0.40219.1
Project("{9A19103F-16F7-4668-BE54-9A1E7A4F7556}") = "sajilo_cafe_backend", "sajilo_cafe_backend\sajilo_cafe_backend.csproj", "{4DAE6A7C-7A54-430F-A0AB-776C707B8534}"
EndProject
Project("{9A19103F-16F7-4668-BE54-9A1E7A4F7556}") = "APP.Security", "APP.Security\APP.Security.csproj", "{A920F8E9-79EC-49DA-B2F3-5D70A81D9397}"
EndProject
Project("{9A19103F-16F7-4668-BE54-9A1E7A4F7556}") = "APP.Cafe", "APP.Cafe\APP.Cafe.csproj", "{51AB9FA6-AEC0-4047-B8F7-66BD32490A6B}"
EndProject
Project("{9A19103F-16F7-4668-BE54-9A1E7A4F7556}") = "App.Shared", "APP.Common\App.Shared.csproj", "{AB6EB66A-3768-4F99-8657-5E93D3793D48}"
EndProject
Global
	GlobalSection(SolutionConfigurationPlatforms) = preSolution
		Debug|Any CPU = Debug|Any CPU
		Release|Any CPU = Release|Any CPU
	EndGlobalSection
	GlobalSection(ProjectConfigurationPlatforms) = postSolution
		{4DAE6A7C-7A54-430F-A0AB-776C707B8534}.Debug|Any CPU.ActiveCfg = Debug|Any CPU
		{4DAE6A7C-7A54-430F-A0AB-776C707B8534}.Debug|Any CPU.Build.0 = Debug|Any CPU
		{4DAE6A7C-7A54-430F-A0AB-776C707B8534}.Release|Any CPU.ActiveCfg = Release|Any CPU
		{4DAE6A7C-7A54-430F-A0AB-776C707B8534}.Release|Any CPU.Build.0 = Release|Any CPU
		{A920F8E9-79EC-49DA-B2F3-5D70A81D9397}.Debug|Any CPU.ActiveCfg = Debug|Any CPU
		{A920F8E9-79EC-49DA-B2F3-5D70A81D9397}.Debug|Any CPU.Build.0 = Debug|Any CPU
		{A920F8E9-79EC-49DA-B2F3-5D70A81D9397}.Release|Any CPU.ActiveCfg = Release|Any CPU
		{A920F8E9-79EC-49DA-B2F3-5D70A81D9397}.Release|Any CPU.Build.0 = Release|Any CPU
		{51AB9FA6-AEC0-4047-B8F7-66BD32490A6B}.Debug|Any CPU.ActiveCfg = Debug|Any CPU
		{51AB9FA6-AEC0-4047-B8F7-66BD32490A6B}.Debug|Any CPU.Build.0 = Debug|Any CPU
		{51AB9FA6-AEC0-4047-B8F7-66BD32490A6B}.Release|Any CPU.ActiveCfg = Release|Any CPU
		{51AB9FA6-AEC0-4047-B8F7-66BD32490A6B}.Release|Any CPU.Build.0 = Release|Any CPU
		{AB6EB66A-3768-4F99-8657-5E93D3793D48}.Debug|Any CPU.ActiveCfg = Debug|Any CPU
		{AB6EB66A-3768-4F99-8657-5E93D3793D48}.Debug|Any CPU.Build.0 = Debug|Any CPU
		{AB6EB66A-3768-4F99-8657-5E93D3793D48}.Release|Any CPU.ActiveCfg = Release|Any CPU
		{AB6EB66A-3768-4F99-8657-5E93D3793D48}.Release|Any CPU.Build.0 = Release|Any CPU
	EndGlobalSection
	GlobalSection(SolutionProperties) = preSolution
		HideSolutionNode = FALSE
	EndGlobalSection
	GlobalSection(ExtensibilityGlobals) = postSolution
		SolutionGuid = {7ACB9B3F-C7B3-4487-85CC-9F982C55280F}
	EndGlobalSection
EndGlobal
