
Microsoft Visual Studio Solution File, Format Version 12.00
# Visual Studio Version 17
VisualStudioVersion = 17.11.35327.3
MinimumVisualStudioVersion = 10.0.40219.1
Project("{9A19103F-16F7-4668-BE54-9A1E7A4F7556}") = "sajilo_cafe_backend", "sajilo_cafe_backend\sajilo_cafe_backend.csproj", "{4DAE6A7C-7A54-430F-A0AB-776C707B8534}"
EndProject
Project("{9A19103F-16F7-4668-BE54-9A1E7A4F7556}") = "APP.Security", "APP.Security\APP.Security.csproj", "{A920F8E9-79EC-49DA-B2F3-5D70A81D9397}"
EndProject
Project("{9A19103F-16F7-4668-BE54-9A1E7A4F7556}") = "APP.Cafe", "APP.Cafe\APP.Cafe.csproj", "{51AB9FA6-AEC0-4047-B8F7-66BD32490A6B}"
EndProject
Project("{9A19103F-16F7-4668-BE54-9A1E7A4F7556}") = "App.Shared", "APP.Common\App.Shared.csproj", "{AB6EB66A-3768-4F99-8657-5E93D3793D48}"
EndProject
Project("{FAE04EC0-301F-11D3-BF4B-00C04F79EFBC}") = "Cafe.Infrastructure", "Cafe.Infrastructure\Cafe.Infrastructure.csproj", "{33396415-1731-4738-8937-291869DE575D}"
EndProject
Project("{FAE04EC0-301F-11D3-BF4B-00C04F79EFBC}") = "Cafe.App", "Cafe.App\Cafe.App.csproj", "{6B896959-9C09-49E9-9D9C-C542F5F81FF8}"
EndProject
Project("{FAE04EC0-301F-11D3-BF4B-00C04F79EFBC}") = "Shared.App", "Shared.App\Shared.App.csproj", "{1ACA2074-262A-4688-946C-9979E90D625A}"
EndProject
Project("{2150E333-8FDC-42A3-9474-1A3956D46DE8}") = "Shared", "Shared", "{4DBACFCD-1522-43E7-85DA-17ECFDFB8419}"
EndProject
Project("{2150E333-8FDC-42A3-9474-1A3956D46DE8}") = "Security", "Security", "{2C5180C1-87BA-48BF-B5EA-BCA313FDE05C}"
EndProject
Project("{2150E333-8FDC-42A3-9474-1A3956D46DE8}") = "Cafe", "Cafe", "{B3638894-A4BF-4CF9-B54A-2E0EC41542C2}"
EndProject
Global
	GlobalSection(SolutionConfigurationPlatforms) = preSolution
		Debug|Any CPU = Debug|Any CPU
		Release|Any CPU = Release|Any CPU
	EndGlobalSection
	GlobalSection(ProjectConfigurationPlatforms) = postSolution
		{4DAE6A7C-7A54-430F-A0AB-776C707B8534}.Debug|Any CPU.ActiveCfg = Debug|Any CPU
		{4DAE6A7C-7A54-430F-A0AB-776C707B8534}.Debug|Any CPU.Build.0 = Debug|Any CPU
		{4DAE6A7C-7A54-430F-A0AB-776C707B8534}.Release|Any CPU.ActiveCfg = Release|Any CPU
		{4DAE6A7C-7A54-430F-A0AB-776C707B8534}.Release|Any CPU.Build.0 = Release|Any CPU
		{A920F8E9-79EC-49DA-B2F3-5D70A81D9397}.Debug|Any CPU.ActiveCfg = Debug|Any CPU
		{A920F8E9-79EC-49DA-B2F3-5D70A81D9397}.Debug|Any CPU.Build.0 = Debug|Any CPU
		{A920F8E9-79EC-49DA-B2F3-5D70A81D9397}.Release|Any CPU.ActiveCfg = Release|Any CPU
		{A920F8E9-79EC-49DA-B2F3-5D70A81D9397}.Release|Any CPU.Build.0 = Release|Any CPU
		{51AB9FA6-AEC0-4047-B8F7-66BD32490A6B}.Debug|Any CPU.ActiveCfg = Debug|Any CPU
		{51AB9FA6-AEC0-4047-B8F7-66BD32490A6B}.Debug|Any CPU.Build.0 = Debug|Any CPU
		{51AB9FA6-AEC0-4047-B8F7-66BD32490A6B}.Release|Any CPU.ActiveCfg = Release|Any CPU
		{51AB9FA6-AEC0-4047-B8F7-66BD32490A6B}.Release|Any CPU.Build.0 = Release|Any CPU
		{AB6EB66A-3768-4F99-8657-5E93D3793D48}.Debug|Any CPU.ActiveCfg = Debug|Any CPU
		{AB6EB66A-3768-4F99-8657-5E93D3793D48}.Debug|Any CPU.Build.0 = Debug|Any CPU
		{AB6EB66A-3768-4F99-8657-5E93D3793D48}.Release|Any CPU.ActiveCfg = Release|Any CPU
		{AB6EB66A-3768-4F99-8657-5E93D3793D48}.Release|Any CPU.Build.0 = Release|Any CPU
		{33396415-1731-4738-8937-291869DE575D}.Debug|Any CPU.ActiveCfg = Debug|Any CPU
		{33396415-1731-4738-8937-291869DE575D}.Debug|Any CPU.Build.0 = Debug|Any CPU
		{33396415-1731-4738-8937-291869DE575D}.Release|Any CPU.ActiveCfg = Release|Any CPU
		{33396415-1731-4738-8937-291869DE575D}.Release|Any CPU.Build.0 = Release|Any CPU
		{6B896959-9C09-49E9-9D9C-C542F5F81FF8}.Debug|Any CPU.ActiveCfg = Debug|Any CPU
		{6B896959-9C09-49E9-9D9C-C542F5F81FF8}.Debug|Any CPU.Build.0 = Debug|Any CPU
		{6B896959-9C09-49E9-9D9C-C542F5F81FF8}.Release|Any CPU.ActiveCfg = Release|Any CPU
		{6B896959-9C09-49E9-9D9C-C542F5F81FF8}.Release|Any CPU.Build.0 = Release|Any CPU
		{1ACA2074-262A-4688-946C-9979E90D625A}.Debug|Any CPU.ActiveCfg = Debug|Any CPU
		{1ACA2074-262A-4688-946C-9979E90D625A}.Debug|Any CPU.Build.0 = Debug|Any CPU
		{1ACA2074-262A-4688-946C-9979E90D625A}.Release|Any CPU.ActiveCfg = Release|Any CPU
		{1ACA2074-262A-4688-946C-9979E90D625A}.Release|Any CPU.Build.0 = Release|Any CPU
	EndGlobalSection
	GlobalSection(SolutionProperties) = preSolution
		HideSolutionNode = FALSE
	EndGlobalSection
	GlobalSection(NestedProjects) = preSolution
		{A920F8E9-79EC-49DA-B2F3-5D70A81D9397} = {2C5180C1-87BA-48BF-B5EA-BCA313FDE05C}
		{51AB9FA6-AEC0-4047-B8F7-66BD32490A6B} = {B3638894-A4BF-4CF9-B54A-2E0EC41542C2}
		{AB6EB66A-3768-4F99-8657-5E93D3793D48} = {4DBACFCD-1522-43E7-85DA-17ECFDFB8419}
		{33396415-1731-4738-8937-291869DE575D} = {B3638894-A4BF-4CF9-B54A-2E0EC41542C2}
		{6B896959-9C09-49E9-9D9C-C542F5F81FF8} = {B3638894-A4BF-4CF9-B54A-2E0EC41542C2}
	EndGlobalSection
	GlobalSection(ExtensibilityGlobals) = postSolution
		SolutionGuid = {7ACB9B3F-C7B3-4487-85CC-9F982C55280F}
	EndGlobalSection
EndGlobal
